// !$*UTF8*$!
{
	archiveVersion = 1;
	classes = {
	};
	objectVersion = 46;
	objects = {

/* Begin PBXBuildFile section */
		22174C1E1D0D63EE00DBA117 /* Edit.storyboard in Resources */ = {isa = PBXBuildFile; fileRef = 22174C1D1D0D63EE00DBA117 /* Edit.storyboard */; };
		22174C211D0D93A600DBA117 /* Localizable.strings in Resources */ = {isa = PBXBuildFile; fileRef = 22174C231D0D93A600DBA117 /* Localizable.strings */; };
		22174CA31D0E8FFA00DBA117 /* Data.xcdatamodeld in Sources */ = {isa = PBXBuildFile; fileRef = 22174CA11D0E8FFA00DBA117 /* Data.xcdatamodeld */; };
		22174CA81D0EC4B500DBA117 /* BottomView.m in Sources */ = {isa = PBXBuildFile; fileRef = 22174CA71D0EC4B500DBA117 /* BottomView.m */; };
		22174CAB1D0EC8CF00DBA117 /* CoreDataManager.m in Sources */ = {isa = PBXBuildFile; fileRef = 22174CAA1D0EC8CF00DBA117 /* CoreDataManager.m */; };
		222859B81D17CAA500B3C53B /* ToDoButton.m in Sources */ = {isa = PBXBuildFile; fileRef = 222859B71D17CAA500B3C53B /* ToDoButton.m */; };
		22601E221CF4764E00E2150A /* 123.JPG in Resources */ = {isa = PBXBuildFile; fileRef = 22601E211CF4764E00E2150A /* 123.JPG */; };
		22601E241CF476B000E2150A /* 12.JPG in Resources */ = {isa = PBXBuildFile; fileRef = 22601E231CF476B000E2150A /* 12.JPG */; };
		227DF2941D032206004DDC15 /* MainNavigation.m in Sources */ = {isa = PBXBuildFile; fileRef = 227DF2931D032206004DDC15 /* MainNavigation.m */; };
		2280ACA11D1807A600430126 /* UIView+YYAdd.m in Sources */ = {isa = PBXBuildFile; fileRef = 2280ACA01D1807A600430126 /* UIView+YYAdd.m */; };
		228165BB1D050A6D00A29D54 /* ProfileSliderMenu.m in Sources */ = {isa = PBXBuildFile; fileRef = 228165BA1D050A6D00A29D54 /* ProfileSliderMenu.m */; };
		228166031D05179800A29D54 /* BYNCollectionCell.m in Sources */ = {isa = PBXBuildFile; fileRef = 228165FE1D05179800A29D54 /* BYNCollectionCell.m */; };
		228166041D05179800A29D54 /* BYNCollectionFlowLayout.m in Sources */ = {isa = PBXBuildFile; fileRef = 228166001D05179800A29D54 /* BYNCollectionFlowLayout.m */; };
		228166051D05179800A29D54 /* BYNCollectionFlowView.m in Sources */ = {isa = PBXBuildFile; fileRef = 228166021D05179800A29D54 /* BYNCollectionFlowView.m */; };
		2281660C1D0522F700A29D54 /* ProfileSliderMenuButton.m in Sources */ = {isa = PBXBuildFile; fileRef = 2281660B1D0522F700A29D54 /* ProfileSliderMenuButton.m */; };
		228166DC1D0D4A4F00A29D54 /* EditNoteViewController.m in Sources */ = {isa = PBXBuildFile; fileRef = 228166DB1D0D4A4F00A29D54 /* EditNoteViewController.m */; };
		229311C11D1CBE7400169EFA /* Launch.storyboard in Resources */ = {isa = PBXBuildFile; fileRef = 229311C01D1CBE7400169EFA /* Launch.storyboard */; };
		229311C51D1CBEDA00169EFA /* PasswordViewController.m in Sources */ = {isa = PBXBuildFile; fileRef = 229311C31D1CBEDA00169EFA /* PasswordViewController.m */; };
		229311C61D1CBEDA00169EFA /* PasswordViewController.xib in Resources */ = {isa = PBXBuildFile; fileRef = 229311C41D1CBEDA00169EFA /* PasswordViewController.xib */; };
		229312171D1FB5E900169EFA /* SyncNoteManager.m in Sources */ = {isa = PBXBuildFile; fileRef = 229312161D1FB5E900169EFA /* SyncNoteManager.m */; };
		229312581D20DB4900169EFA /* Note+CoreDataProperties.m in Sources */ = {isa = PBXBuildFile; fileRef = 229312551D20DB4900169EFA /* Note+CoreDataProperties.m */; };
		229312591D20DB4900169EFA /* Note.m in Sources */ = {isa = PBXBuildFile; fileRef = 229312571D20DB4900169EFA /* Note.m */; };
		2298170D1D191AC30009256E /* SearchViewController.m in Sources */ = {isa = PBXBuildFile; fileRef = 2298170C1D191AC30009256E /* SearchViewController.m */; };
		22A3F30B1D1A1B1E00D6624D /* LaunchViewController.m in Sources */ = {isa = PBXBuildFile; fileRef = 22A3F30A1D1A1B1E00D6624D /* LaunchViewController.m */; };
		22CE8B311D239BAB002A77D0 /* BYTextView.m in Sources */ = {isa = PBXBuildFile; fileRef = 22CE8B301D239BAB002A77D0 /* BYTextView.m */; };
		22CE8B371D24C83B002A77D0 /* STHeiti Medium.ttc in Resources */ = {isa = PBXBuildFile; fileRef = 22CE8B361D24C83B002A77D0 /* STHeiti Medium.ttc */; };
		22CFB4DA1CF4374300C38ED7 /* main.m in Sources */ = {isa = PBXBuildFile; fileRef = 22CFB4D91CF4374300C38ED7 /* main.m */; };
		22CFB4DD1CF4374300C38ED7 /* AppDelegate.m in Sources */ = {isa = PBXBuildFile; fileRef = 22CFB4DC1CF4374300C38ED7 /* AppDelegate.m */; };
		22CFB4E01CF4374300C38ED7 /* ViewController.m in Sources */ = {isa = PBXBuildFile; fileRef = 22CFB4DF1CF4374300C38ED7 /* ViewController.m */; };
		22CFB4E31CF4374300C38ED7 /* Main.storyboard in Resources */ = {isa = PBXBuildFile; fileRef = 22CFB4E11CF4374300C38ED7 /* Main.storyboard */; };
		22CFB4E51CF4374300C38ED7 /* Assets.xcassets in Resources */ = {isa = PBXBuildFile; fileRef = 22CFB4E41CF4374300C38ED7 /* Assets.xcassets */; };
		22CFB4E81CF4374300C38ED7 /* LaunchScreen.storyboard in Resources */ = {isa = PBXBuildFile; fileRef = 22CFB4E61CF4374300C38ED7 /* LaunchScreen.storyboard */; };
		22CFB4F31CF4374300C38ED7 /* BYNoteTests.m in Sources */ = {isa = PBXBuildFile; fileRef = 22CFB4F21CF4374300C38ED7 /* BYNoteTests.m */; };
		22CFB4FE1CF4374300C38ED7 /* BYNoteUITests.m in Sources */ = {isa = PBXBuildFile; fileRef = 22CFB4FD1CF4374300C38ED7 /* BYNoteUITests.m */; };
		D935FAF49087FCE30EEE4402 /* libPods-BYNote.a in Frameworks */ = {isa = PBXBuildFile; fileRef = B56F9D3FA69CAA2BE87C8F3A /* libPods-BYNote.a */; };
/* End PBXBuildFile section */

/* Begin PBXContainerItemProxy section */
		22CFB4EF1CF4374300C38ED7 /* PBXContainerItemProxy */ = {
			isa = PBXContainerItemProxy;
			containerPortal = 22CFB4CD1CF4374300C38ED7 /* Project object */;
			proxyType = 1;
			remoteGlobalIDString = 22CFB4D41CF4374300C38ED7;
			remoteInfo = BYNote;
		};
		22CFB4FA1CF4374300C38ED7 /* PBXContainerItemProxy */ = {
			isa = PBXContainerItemProxy;
			containerPortal = 22CFB4CD1CF4374300C38ED7 /* Project object */;
			proxyType = 1;
			remoteGlobalIDString = 22CFB4D41CF4374300C38ED7;
			remoteInfo = BYNote;
		};
/* End PBXContainerItemProxy section */

/* Begin PBXFileReference section */
		22174C1D1D0D63EE00DBA117 /* Edit.storyboard */ = {isa = PBXFileReference; fileEncoding = 4; lastKnownFileType = file.storyboard; path = Edit.storyboard; sourceTree = "<group>"; };
		22174C221D0D93A600DBA117 /* zh-Hans */ = {isa = PBXFileReference; lastKnownFileType = text.plist.strings; name = "zh-Hans"; path = "zh-Hans.lproj/Localizable.strings"; sourceTree = "<group>"; };
		22174C241D0D93B200DBA117 /* en */ = {isa = PBXFileReference; lastKnownFileType = text.plist.strings; name = en; path = en.lproj/Localizable.strings; sourceTree = "<group>"; };
		22174CA21D0E8FFA00DBA117 /* Data.xcdatamodel */ = {isa = PBXFileReference; lastKnownFileType = wrapper.xcdatamodel; path = Data.xcdatamodel; sourceTree = "<group>"; };
		22174CA61D0EC4B500DBA117 /* BottomView.h */ = {isa = PBXFileReference; fileEncoding = 4; lastKnownFileType = sourcecode.c.h; path = BottomView.h; sourceTree = "<group>"; };
		22174CA71D0EC4B500DBA117 /* BottomView.m */ = {isa = PBXFileReference; fileEncoding = 4; lastKnownFileType = sourcecode.c.objc; path = BottomView.m; sourceTree = "<group>"; };
		22174CA91D0EC8CF00DBA117 /* CoreDataManager.h */ = {isa = PBXFileReference; fileEncoding = 4; lastKnownFileType = sourcecode.c.h; path = CoreDataManager.h; sourceTree = "<group>"; };
		22174CAA1D0EC8CF00DBA117 /* CoreDataManager.m */ = {isa = PBXFileReference; fileEncoding = 4; lastKnownFileType = sourcecode.c.objc; path = CoreDataManager.m; sourceTree = "<group>"; };
		222859B61D17CAA500B3C53B /* ToDoButton.h */ = {isa = PBXFileReference; fileEncoding = 4; lastKnownFileType = sourcecode.c.h; path = ToDoButton.h; sourceTree = "<group>"; };
		222859B71D17CAA500B3C53B /* ToDoButton.m */ = {isa = PBXFileReference; fileEncoding = 4; lastKnownFileType = sourcecode.c.objc; path = ToDoButton.m; sourceTree = "<group>"; };
		22601E211CF4764E00E2150A /* 123.JPG */ = {isa = PBXFileReference; lastKnownFileType = image.jpeg; path = 123.JPG; sourceTree = "<group>"; };
		22601E231CF476B000E2150A /* 12.JPG */ = {isa = PBXFileReference; lastKnownFileType = image.jpeg; path = 12.JPG; sourceTree = "<group>"; };
		227DF2921D032206004DDC15 /* MainNavigation.h */ = {isa = PBXFileReference; fileEncoding = 4; lastKnownFileType = sourcecode.c.h; name = MainNavigation.h; path = BYNote/MainNavigation.h; sourceTree = SOURCE_ROOT; };
		227DF2931D032206004DDC15 /* MainNavigation.m */ = {isa = PBXFileReference; fileEncoding = 4; lastKnownFileType = sourcecode.c.objc; name = MainNavigation.m; path = BYNote/MainNavigation.m; sourceTree = SOURCE_ROOT; };
		2280AC9F1D1807A600430126 /* UIView+YYAdd.h */ = {isa = PBXFileReference; fileEncoding = 4; lastKnownFileType = sourcecode.c.h; path = "UIView+YYAdd.h"; sourceTree = "<group>"; };
		2280ACA01D1807A600430126 /* UIView+YYAdd.m */ = {isa = PBXFileReference; fileEncoding = 4; lastKnownFileType = sourcecode.c.objc; path = "UIView+YYAdd.m"; sourceTree = "<group>"; };
		228165B91D050A6D00A29D54 /* ProfileSliderMenu.h */ = {isa = PBXFileReference; fileEncoding = 4; lastKnownFileType = sourcecode.c.h; path = ProfileSliderMenu.h; sourceTree = "<group>"; };
		228165BA1D050A6D00A29D54 /* ProfileSliderMenu.m */ = {isa = PBXFileReference; fileEncoding = 4; lastKnownFileType = sourcecode.c.objc; path = ProfileSliderMenu.m; sourceTree = "<group>"; };
		228165FC1D05179800A29D54 /* BYNCELLSIZE.h */ = {isa = PBXFileReference; fileEncoding = 4; lastKnownFileType = sourcecode.c.h; path = BYNCELLSIZE.h; sourceTree = "<group>"; };
		228165FD1D05179800A29D54 /* BYNCollectionCell.h */ = {isa = PBXFileReference; fileEncoding = 4; lastKnownFileType = sourcecode.c.h; path = BYNCollectionCell.h; sourceTree = "<group>"; };
		228165FE1D05179800A29D54 /* BYNCollectionCell.m */ = {isa = PBXFileReference; fileEncoding = 4; lastKnownFileType = sourcecode.c.objc; path = BYNCollectionCell.m; sourceTree = "<group>"; };
		228165FF1D05179800A29D54 /* BYNCollectionFlowLayout.h */ = {isa = PBXFileReference; fileEncoding = 4; lastKnownFileType = sourcecode.c.h; path = BYNCollectionFlowLayout.h; sourceTree = "<group>"; };
		228166001D05179800A29D54 /* BYNCollectionFlowLayout.m */ = {isa = PBXFileReference; fileEncoding = 4; lastKnownFileType = sourcecode.c.objc; path = BYNCollectionFlowLayout.m; sourceTree = "<group>"; };
		228166011D05179800A29D54 /* BYNCollectionFlowView.h */ = {isa = PBXFileReference; fileEncoding = 4; lastKnownFileType = sourcecode.c.h; path = BYNCollectionFlowView.h; sourceTree = "<group>"; };
		228166021D05179800A29D54 /* BYNCollectionFlowView.m */ = {isa = PBXFileReference; fileEncoding = 4; lastKnownFileType = sourcecode.c.objc; path = BYNCollectionFlowView.m; sourceTree = "<group>"; };
		2281660A1D0522F700A29D54 /* ProfileSliderMenuButton.h */ = {isa = PBXFileReference; fileEncoding = 4; lastKnownFileType = sourcecode.c.h; path = ProfileSliderMenuButton.h; sourceTree = "<group>"; };
		2281660B1D0522F700A29D54 /* ProfileSliderMenuButton.m */ = {isa = PBXFileReference; fileEncoding = 4; lastKnownFileType = sourcecode.c.objc; path = ProfileSliderMenuButton.m; sourceTree = "<group>"; };
		228166D71D0D4A1300A29D54 /* zh-Hans */ = {isa = PBXFileReference; lastKnownFileType = text.plist.strings; name = "zh-Hans"; path = "zh-Hans.lproj/Main.strings"; sourceTree = "<group>"; };
		228166D81D0D4A1300A29D54 /* zh-Hans */ = {isa = PBXFileReference; lastKnownFileType = text.plist.strings; name = "zh-Hans"; path = "zh-Hans.lproj/LaunchScreen.strings"; sourceTree = "<group>"; };
		228166DA1D0D4A4F00A29D54 /* EditNoteViewController.h */ = {isa = PBXFileReference; fileEncoding = 4; lastKnownFileType = sourcecode.c.h; path = EditNoteViewController.h; sourceTree = "<group>"; };
		228166DB1D0D4A4F00A29D54 /* EditNoteViewController.m */ = {isa = PBXFileReference; fileEncoding = 4; lastKnownFileType = sourcecode.c.objc; path = EditNoteViewController.m; sourceTree = "<group>"; };
		229311C01D1CBE7400169EFA /* Launch.storyboard */ = {isa = PBXFileReference; fileEncoding = 4; lastKnownFileType = file.storyboard; path = Launch.storyboard; sourceTree = "<group>"; };
		229311C21D1CBEDA00169EFA /* PasswordViewController.h */ = {isa = PBXFileReference; fileEncoding = 4; lastKnownFileType = sourcecode.c.h; path = PasswordViewController.h; sourceTree = "<group>"; };
		229311C31D1CBEDA00169EFA /* PasswordViewController.m */ = {isa = PBXFileReference; fileEncoding = 4; lastKnownFileType = sourcecode.c.objc; path = PasswordViewController.m; sourceTree = "<group>"; };
		229311C41D1CBEDA00169EFA /* PasswordViewController.xib */ = {isa = PBXFileReference; fileEncoding = 4; lastKnownFileType = file.xib; path = PasswordViewController.xib; sourceTree = "<group>"; };
		229312151D1FB5E900169EFA /* SyncNoteManager.h */ = {isa = PBXFileReference; fileEncoding = 4; lastKnownFileType = sourcecode.c.h; path = SyncNoteManager.h; sourceTree = "<group>"; };
		229312161D1FB5E900169EFA /* SyncNoteManager.m */ = {isa = PBXFileReference; fileEncoding = 4; lastKnownFileType = sourcecode.c.objc; path = SyncNoteManager.m; sourceTree = "<group>"; };
		229312541D20DB4900169EFA /* Note+CoreDataProperties.h */ = {isa = PBXFileReference; fileEncoding = 4; lastKnownFileType = sourcecode.c.h; path = "Note+CoreDataProperties.h"; sourceTree = "<group>"; };
		229312551D20DB4900169EFA /* Note+CoreDataProperties.m */ = {isa = PBXFileReference; fileEncoding = 4; lastKnownFileType = sourcecode.c.objc; path = "Note+CoreDataProperties.m"; sourceTree = "<group>"; };
		229312561D20DB4900169EFA /* Note.h */ = {isa = PBXFileReference; fileEncoding = 4; lastKnownFileType = sourcecode.c.h; path = Note.h; sourceTree = "<group>"; };
		229312571D20DB4900169EFA /* Note.m */ = {isa = PBXFileReference; fileEncoding = 4; lastKnownFileType = sourcecode.c.objc; path = Note.m; sourceTree = "<group>"; };
		2293125A1D227AC500169EFA /* PrefixHeader.pch */ = {isa = PBXFileReference; lastKnownFileType = sourcecode.c.h; path = PrefixHeader.pch; sourceTree = "<group>"; };
		2298170B1D191AC30009256E /* SearchViewController.h */ = {isa = PBXFileReference; fileEncoding = 4; lastKnownFileType = sourcecode.c.h; path = SearchViewController.h; sourceTree = "<group>"; };
		2298170C1D191AC30009256E /* SearchViewController.m */ = {isa = PBXFileReference; fileEncoding = 4; lastKnownFileType = sourcecode.c.objc; path = SearchViewController.m; sourceTree = "<group>"; };
		22A3F3091D1A1B1E00D6624D /* LaunchViewController.h */ = {isa = PBXFileReference; fileEncoding = 4; lastKnownFileType = sourcecode.c.h; path = LaunchViewController.h; sourceTree = "<group>"; };
		22A3F30A1D1A1B1E00D6624D /* LaunchViewController.m */ = {isa = PBXFileReference; fileEncoding = 4; lastKnownFileType = sourcecode.c.objc; path = LaunchViewController.m; sourceTree = "<group>"; };
		22CE8B2F1D239BAB002A77D0 /* BYTextView.h */ = {isa = PBXFileReference; fileEncoding = 4; lastKnownFileType = sourcecode.c.h; path = BYTextView.h; sourceTree = "<group>"; };
		22CE8B301D239BAB002A77D0 /* BYTextView.m */ = {isa = PBXFileReference; fileEncoding = 4; lastKnownFileType = sourcecode.c.objc; path = BYTextView.m; sourceTree = "<group>"; };
		22CE8B351D24C5CF002A77D0 /* STHeiti Light.ttc */ = {isa = PBXFileReference; lastKnownFileType = file; path = "STHeiti Light.ttc"; sourceTree = "<group>"; };
		22CE8B361D24C83B002A77D0 /* STHeiti Medium.ttc */ = {isa = PBXFileReference; lastKnownFileType = file; path = "STHeiti Medium.ttc"; sourceTree = "<group>"; };
		22CFB4D51CF4374300C38ED7 /* BYNote.app */ = {isa = PBXFileReference; explicitFileType = wrapper.application; includeInIndex = 0; path = BYNote.app; sourceTree = BUILT_PRODUCTS_DIR; };
		22CFB4D91CF4374300C38ED7 /* main.m */ = {isa = PBXFileReference; lastKnownFileType = sourcecode.c.objc; path = main.m; sourceTree = "<group>"; };
		22CFB4DB1CF4374300C38ED7 /* AppDelegate.h */ = {isa = PBXFileReference; lastKnownFileType = sourcecode.c.h; path = AppDelegate.h; sourceTree = "<group>"; };
		22CFB4DC1CF4374300C38ED7 /* AppDelegate.m */ = {isa = PBXFileReference; lastKnownFileType = sourcecode.c.objc; path = AppDelegate.m; sourceTree = "<group>"; };
		22CFB4DE1CF4374300C38ED7 /* ViewController.h */ = {isa = PBXFileReference; lastKnownFileType = sourcecode.c.h; path = ViewController.h; sourceTree = "<group>"; };
		22CFB4DF1CF4374300C38ED7 /* ViewController.m */ = {isa = PBXFileReference; lastKnownFileType = sourcecode.c.objc; path = ViewController.m; sourceTree = "<group>"; };
		22CFB4E21CF4374300C38ED7 /* Base */ = {isa = PBXFileReference; lastKnownFileType = file.storyboard; name = Base; path = Base.lproj/Main.storyboard; sourceTree = "<group>"; };
		22CFB4E41CF4374300C38ED7 /* Assets.xcassets */ = {isa = PBXFileReference; lastKnownFileType = folder.assetcatalog; path = Assets.xcassets; sourceTree = "<group>"; };
		22CFB4E71CF4374300C38ED7 /* Base */ = {isa = PBXFileReference; lastKnownFileType = file.storyboard; name = Base; path = Base.lproj/LaunchScreen.storyboard; sourceTree = "<group>"; };
		22CFB4E91CF4374300C38ED7 /* Info.plist */ = {isa = PBXFileReference; lastKnownFileType = text.plist.xml; path = Info.plist; sourceTree = "<group>"; };
		22CFB4EE1CF4374300C38ED7 /* BYNoteTests.xctest */ = {isa = PBXFileReference; explicitFileType = wrapper.cfbundle; includeInIndex = 0; path = BYNoteTests.xctest; sourceTree = BUILT_PRODUCTS_DIR; };
		22CFB4F21CF4374300C38ED7 /* BYNoteTests.m */ = {isa = PBXFileReference; lastKnownFileType = sourcecode.c.objc; path = BYNoteTests.m; sourceTree = "<group>"; };
		22CFB4F41CF4374300C38ED7 /* Info.plist */ = {isa = PBXFileReference; lastKnownFileType = text.plist.xml; path = Info.plist; sourceTree = "<group>"; };
		22CFB4F91CF4374300C38ED7 /* BYNoteUITests.xctest */ = {isa = PBXFileReference; explicitFileType = wrapper.cfbundle; includeInIndex = 0; path = BYNoteUITests.xctest; sourceTree = BUILT_PRODUCTS_DIR; };
		22CFB4FD1CF4374300C38ED7 /* BYNoteUITests.m */ = {isa = PBXFileReference; lastKnownFileType = sourcecode.c.objc; path = BYNoteUITests.m; sourceTree = "<group>"; };
		22CFB4FF1CF4374300C38ED7 /* Info.plist */ = {isa = PBXFileReference; lastKnownFileType = text.plist.xml; path = Info.plist; sourceTree = "<group>"; };
		8028F1DAB2A8BBD037EBD314 /* Pods-BYNote.debug.xcconfig */ = {isa = PBXFileReference; includeInIndex = 1; lastKnownFileType = text.xcconfig; name = "Pods-BYNote.debug.xcconfig"; path = "Pods/Target Support Files/Pods-BYNote/Pods-BYNote.debug.xcconfig"; sourceTree = "<group>"; };
		95F3A9C2800E208A0FFDDE7B /* Pods-BYNote.release.xcconfig */ = {isa = PBXFileReference; includeInIndex = 1; lastKnownFileType = text.xcconfig; name = "Pods-BYNote.release.xcconfig"; path = "Pods/Target Support Files/Pods-BYNote/Pods-BYNote.release.xcconfig"; sourceTree = "<group>"; };
		B56F9D3FA69CAA2BE87C8F3A /* libPods-BYNote.a */ = {isa = PBXFileReference; explicitFileType = archive.ar; includeInIndex = 0; path = "libPods-BYNote.a"; sourceTree = BUILT_PRODUCTS_DIR; };
/* End PBXFileReference section */

/* Begin PBXFrameworksBuildPhase section */
		22CFB4D21CF4374300C38ED7 /* Frameworks */ = {
			isa = PBXFrameworksBuildPhase;
			buildActionMask = 2147483647;
			files = (
				D935FAF49087FCE30EEE4402 /* libPods-BYNote.a in Frameworks */,
			);
			runOnlyForDeploymentPostprocessing = 0;
		};
		22CFB4EB1CF4374300C38ED7 /* Frameworks */ = {
			isa = PBXFrameworksBuildPhase;
			buildActionMask = 2147483647;
			files = (
			);
			runOnlyForDeploymentPostprocessing = 0;
		};
		22CFB4F61CF4374300C38ED7 /* Frameworks */ = {
			isa = PBXFrameworksBuildPhase;
			buildActionMask = 2147483647;
			files = (
			);
			runOnlyForDeploymentPostprocessing = 0;
		};
/* End PBXFrameworksBuildPhase section */

/* Begin PBXGroup section */
		22174CA01D0E8FDA00DBA117 /* Data */ = {
			isa = PBXGroup;
			children = (
				22174CA11D0E8FFA00DBA117 /* Data.xcdatamodeld */,
				22174CA91D0EC8CF00DBA117 /* CoreDataManager.h */,
				22174CAA1D0EC8CF00DBA117 /* CoreDataManager.m */,
			);
			name = Data;
			sourceTree = "<group>";
		};
		22174CA41D0EA70400DBA117 /* Model */ = {
			isa = PBXGroup;
			children = (
			);
			name = Model;
			sourceTree = "<group>";
		};
		22174CA51D0EC49C00DBA117 /* BottomView */ = {
			isa = PBXGroup;
			children = (
				22174CA61D0EC4B500DBA117 /* BottomView.h */,
				22174CA71D0EC4B500DBA117 /* BottomView.m */,
			);
			name = BottomView;
			sourceTree = "<group>";
		};
		227DF2911D0321E0004DDC15 /* Public */ = {
			isa = PBXGroup;
			children = (
				227DF2921D032206004DDC15 /* MainNavigation.h */,
				227DF2931D032206004DDC15 /* MainNavigation.m */,
			);
			name = Public;
			path = BYFlowLayout;
			sourceTree = "<group>";
		};
		2280AC9E1D18078F00430126 /* Framework */ = {
			isa = PBXGroup;
			children = (
				2280AC9F1D1807A600430126 /* UIView+YYAdd.h */,
				2280ACA01D1807A600430126 /* UIView+YYAdd.m */,
			);
			name = Framework;
			sourceTree = "<group>";
		};
		228165B81D05098700A29D54 /* ProfileSliderMenu */ = {
			isa = PBXGroup;
			children = (
				228165B91D050A6D00A29D54 /* ProfileSliderMenu.h */,
				228165BA1D050A6D00A29D54 /* ProfileSliderMenu.m */,
				2281660A1D0522F700A29D54 /* ProfileSliderMenuButton.h */,
				2281660B1D0522F700A29D54 /* ProfileSliderMenuButton.m */,
			);
			name = ProfileSliderMenu;
			sourceTree = "<group>";
		};
		228165FB1D05179800A29D54 /* BYFlowCollection */ = {
			isa = PBXGroup;
			children = (
				228165FC1D05179800A29D54 /* BYNCELLSIZE.h */,
				228165FD1D05179800A29D54 /* BYNCollectionCell.h */,
				228165FE1D05179800A29D54 /* BYNCollectionCell.m */,
				228165FF1D05179800A29D54 /* BYNCollectionFlowLayout.h */,
				228166001D05179800A29D54 /* BYNCollectionFlowLayout.m */,
				228166011D05179800A29D54 /* BYNCollectionFlowView.h */,
				228166021D05179800A29D54 /* BYNCollectionFlowView.m */,
			);
			path = BYFlowCollection;
			sourceTree = "<group>";
		};
		228166071D0517D000A29D54 /* Main */ = {
			isa = PBXGroup;
			children = (
				22174CA41D0EA70400DBA117 /* Model */,
				228166091D0517FF00A29D54 /* View */,
				228166081D0517EA00A29D54 /* Controller */,
			);
			name = Main;
			sourceTree = "<group>";
		};
		228166081D0517EA00A29D54 /* Controller */ = {
			isa = PBXGroup;
			children = (
				22CFB4DE1CF4374300C38ED7 /* ViewController.h */,
				22CFB4DF1CF4374300C38ED7 /* ViewController.m */,
				2298170B1D191AC30009256E /* SearchViewController.h */,
				2298170C1D191AC30009256E /* SearchViewController.m */,
			);
			name = Controller;
			sourceTree = "<group>";
		};
		228166091D0517FF00A29D54 /* View */ = {
			isa = PBXGroup;
			children = (
				22174CA51D0EC49C00DBA117 /* BottomView */,
				22CFB4E11CF4374300C38ED7 /* Main.storyboard */,
				228165FB1D05179800A29D54 /* BYFlowCollection */,
				228165B81D05098700A29D54 /* ProfileSliderMenu */,
			);
			name = View;
			sourceTree = "<group>";
		};
		228166D91D0D4A2300A29D54 /* EditNote */ = {
			isa = PBXGroup;
			children = (
				228166DF1D0D4A8B00A29D54 /* Model */,
				228166DD1D0D4A7100A29D54 /* View */,
				228166DE1D0D4A7A00A29D54 /* Controller */,
			);
			name = EditNote;
			sourceTree = "<group>";
		};
		228166DD1D0D4A7100A29D54 /* View */ = {
			isa = PBXGroup;
			children = (
				22174C1D1D0D63EE00DBA117 /* Edit.storyboard */,
				222859B61D17CAA500B3C53B /* ToDoButton.h */,
				222859B71D17CAA500B3C53B /* ToDoButton.m */,
				22CE8B2F1D239BAB002A77D0 /* BYTextView.h */,
				22CE8B301D239BAB002A77D0 /* BYTextView.m */,
			);
			name = View;
			sourceTree = "<group>";
		};
		228166DE1D0D4A7A00A29D54 /* Controller */ = {
			isa = PBXGroup;
			children = (
				228166DA1D0D4A4F00A29D54 /* EditNoteViewController.h */,
				228166DB1D0D4A4F00A29D54 /* EditNoteViewController.m */,
			);
			name = Controller;
			sourceTree = "<group>";
		};
		228166DF1D0D4A8B00A29D54 /* Model */ = {
			isa = PBXGroup;
			children = (
				229312541D20DB4900169EFA /* Note+CoreDataProperties.h */,
				229312551D20DB4900169EFA /* Note+CoreDataProperties.m */,
				229312561D20DB4900169EFA /* Note.h */,
				229312571D20DB4900169EFA /* Note.m */,
			);
			name = Model;
			sourceTree = "<group>";
		};
		229311BD1D1CBE2200169EFA /* Launch */ = {
			isa = PBXGroup;
			children = (
				229311BF1D1CBE4D00169EFA /* Controller */,
				229311BE1D1CBE4800169EFA /* View */,
			);
			name = Launch;
			sourceTree = "<group>";
		};
		229311BE1D1CBE4800169EFA /* View */ = {
			isa = PBXGroup;
			children = (
				229311C01D1CBE7400169EFA /* Launch.storyboard */,
				229311C41D1CBEDA00169EFA /* PasswordViewController.xib */,
			);
			name = View;
			sourceTree = "<group>";
		};
		229311BF1D1CBE4D00169EFA /* Controller */ = {
			isa = PBXGroup;
			children = (
				22A3F3091D1A1B1E00D6624D /* LaunchViewController.h */,
				22A3F30A1D1A1B1E00D6624D /* LaunchViewController.m */,
				229311C21D1CBEDA00169EFA /* PasswordViewController.h */,
				229311C31D1CBEDA00169EFA /* PasswordViewController.m */,
			);
			name = Controller;
			sourceTree = "<group>";
		};
		229312141D1FB5A800169EFA /* Tools */ = {
			isa = PBXGroup;
			children = (
				229312151D1FB5E900169EFA /* SyncNoteManager.h */,
				229312161D1FB5E900169EFA /* SyncNoteManager.m */,
			);
			name = Tools;
			sourceTree = "<group>";
		};
		22CE8B381D24C842002A77D0 /* Fonts */ = {
			isa = PBXGroup;
			children = (
				22CE8B351D24C5CF002A77D0 /* STHeiti Light.ttc */,
				22CE8B361D24C83B002A77D0 /* STHeiti Medium.ttc */,
			);
			name = Fonts;
			sourceTree = "<group>";
		};
		22CFB4CC1CF4374300C38ED7 = {
			isa = PBXGroup;
			children = (
				22CFB4D71CF4374300C38ED7 /* BYNote */,
				22CFB4F11CF4374300C38ED7 /* BYNoteTests */,
				22CFB4FC1CF4374300C38ED7 /* BYNoteUITests */,
				22CFB4D61CF4374300C38ED7 /* Products */,
				39AAE53289E0C9F989DBBF4D /* Pods */,
				34C77EE454323C983894FD6E /* Frameworks */,
			);
			sourceTree = "<group>";
		};
		22CFB4D61CF4374300C38ED7 /* Products */ = {
			isa = PBXGroup;
			children = (
				22CFB4D51CF4374300C38ED7 /* BYNote.app */,
				22CFB4EE1CF4374300C38ED7 /* BYNoteTests.xctest */,
				22CFB4F91CF4374300C38ED7 /* BYNoteUITests.xctest */,
			);
			name = Products;
			sourceTree = "<group>";
		};
		22CFB4D71CF4374300C38ED7 /* BYNote */ = {
			isa = PBXGroup;
			children = (
				229312141D1FB5A800169EFA /* Tools */,
				229311BD1D1CBE2200169EFA /* Launch */,
				2280AC9E1D18078F00430126 /* Framework */,
				22174CA01D0E8FDA00DBA117 /* Data */,
				228166D91D0D4A2300A29D54 /* EditNote */,
				228166071D0517D000A29D54 /* Main */,
				227DF2911D0321E0004DDC15 /* Public */,
				22174C231D0D93A600DBA117 /* Localizable.strings */,
				22CE8B381D24C842002A77D0 /* Fonts */,
				22601E231CF476B000E2150A /* 12.JPG */,
				22601E211CF4764E00E2150A /* 123.JPG */,
				22CFB4DB1CF4374300C38ED7 /* AppDelegate.h */,
				22CFB4DC1CF4374300C38ED7 /* AppDelegate.m */,
				22CFB4E41CF4374300C38ED7 /* Assets.xcassets */,
				22CFB4E61CF4374300C38ED7 /* LaunchScreen.storyboard */,
				22CFB4E91CF4374300C38ED7 /* Info.plist */,
				22CFB4D81CF4374300C38ED7 /* Supporting Files */,
				2293125A1D227AC500169EFA /* PrefixHeader.pch */,
			);
			path = BYNote;
			sourceTree = "<group>";
		};
		22CFB4D81CF4374300C38ED7 /* Supporting Files */ = {
			isa = PBXGroup;
			children = (
				22CFB4D91CF4374300C38ED7 /* main.m */,
			);
			name = "Supporting Files";
			sourceTree = "<group>";
		};
		22CFB4F11CF4374300C38ED7 /* BYNoteTests */ = {
			isa = PBXGroup;
			children = (
				22CFB4F21CF4374300C38ED7 /* BYNoteTests.m */,
				22CFB4F41CF4374300C38ED7 /* Info.plist */,
			);
			path = BYNoteTests;
			sourceTree = "<group>";
		};
		22CFB4FC1CF4374300C38ED7 /* BYNoteUITests */ = {
			isa = PBXGroup;
			children = (
				22CFB4FD1CF4374300C38ED7 /* BYNoteUITests.m */,
				22CFB4FF1CF4374300C38ED7 /* Info.plist */,
			);
			path = BYNoteUITests;
			sourceTree = "<group>";
		};
		34C77EE454323C983894FD6E /* Frameworks */ = {
			isa = PBXGroup;
			children = (
				B56F9D3FA69CAA2BE87C8F3A /* libPods-BYNote.a */,
			);
			name = Frameworks;
			sourceTree = "<group>";
		};
		39AAE53289E0C9F989DBBF4D /* Pods */ = {
			isa = PBXGroup;
			children = (
				8028F1DAB2A8BBD037EBD314 /* Pods-BYNote.debug.xcconfig */,
				95F3A9C2800E208A0FFDDE7B /* Pods-BYNote.release.xcconfig */,
			);
			name = Pods;
			sourceTree = "<group>";
		};
/* End PBXGroup section */

/* Begin PBXNativeTarget section */
		22CFB4D41CF4374300C38ED7 /* BYNote */ = {
			isa = PBXNativeTarget;
			buildConfigurationList = 22CFB5021CF4374300C38ED7 /* Build configuration list for PBXNativeTarget "BYNote" */;
			buildPhases = (
				FAE6C82BBBAE0E22A859E4A1 /* [CP] Check Pods Manifest.lock */,
				22CFB4D11CF4374300C38ED7 /* Sources */,
				22CFB4D21CF4374300C38ED7 /* Frameworks */,
				22CFB4D31CF4374300C38ED7 /* Resources */,
				9E5AE399621953203816385F /* [CP] Embed Pods Frameworks */,
				69F4B84E10191FCD87D83282 /* [CP] Copy Pods Resources */,
			);
			buildRules = (
			);
			dependencies = (
			);
			name = BYNote;
			productName = BYNote;
			productReference = 22CFB4D51CF4374300C38ED7 /* BYNote.app */;
			productType = "com.apple.product-type.application";
		};
		22CFB4ED1CF4374300C38ED7 /* BYNoteTests */ = {
			isa = PBXNativeTarget;
			buildConfigurationList = 22CFB5051CF4374300C38ED7 /* Build configuration list for PBXNativeTarget "BYNoteTests" */;
			buildPhases = (
				22CFB4EA1CF4374300C38ED7 /* Sources */,
				22CFB4EB1CF4374300C38ED7 /* Frameworks */,
				22CFB4EC1CF4374300C38ED7 /* Resources */,
			);
			buildRules = (
			);
			dependencies = (
				22CFB4F01CF4374300C38ED7 /* PBXTargetDependency */,
			);
			name = BYNoteTests;
			productName = BYNoteTests;
			productReference = 22CFB4EE1CF4374300C38ED7 /* BYNoteTests.xctest */;
			productType = "com.apple.product-type.bundle.unit-test";
		};
		22CFB4F81CF4374300C38ED7 /* BYNoteUITests */ = {
			isa = PBXNativeTarget;
			buildConfigurationList = 22CFB5081CF4374300C38ED7 /* Build configuration list for PBXNativeTarget "BYNoteUITests" */;
			buildPhases = (
				22CFB4F51CF4374300C38ED7 /* Sources */,
				22CFB4F61CF4374300C38ED7 /* Frameworks */,
				22CFB4F71CF4374300C38ED7 /* Resources */,
			);
			buildRules = (
			);
			dependencies = (
				22CFB4FB1CF4374300C38ED7 /* PBXTargetDependency */,
			);
			name = BYNoteUITests;
			productName = BYNoteUITests;
			productReference = 22CFB4F91CF4374300C38ED7 /* BYNoteUITests.xctest */;
			productType = "com.apple.product-type.bundle.ui-testing";
		};
/* End PBXNativeTarget section */

/* Begin PBXProject section */
		22CFB4CD1CF4374300C38ED7 /* Project object */ = {
			isa = PBXProject;
			attributes = {
				LastUpgradeCheck = 0730;
				ORGANIZATIONNAME = cby;
				TargetAttributes = {
					22CFB4D41CF4374300C38ED7 = {
						CreatedOnToolsVersion = 7.3.1;
						DevelopmentTeam = 22AE5F599C;
					};
					22CFB4ED1CF4374300C38ED7 = {
						CreatedOnToolsVersion = 7.3.1;
						DevelopmentTeam = 22AE5F599C;
						TestTargetID = 22CFB4D41CF4374300C38ED7;
					};
					22CFB4F81CF4374300C38ED7 = {
						CreatedOnToolsVersion = 7.3.1;
						DevelopmentTeam = 22AE5F599C;
						TestTargetID = 22CFB4D41CF4374300C38ED7;
					};
				};
			};
			buildConfigurationList = 22CFB4D01CF4374300C38ED7 /* Build configuration list for PBXProject "BYNote" */;
			compatibilityVersion = "Xcode 3.2";
			developmentRegion = English;
			hasScannedForEncodings = 0;
			knownRegions = (
				en,
				Base,
			);
			mainGroup = 22CFB4CC1CF4374300C38ED7;
			productRefGroup = 22CFB4D61CF4374300C38ED7 /* Products */;
			projectDirPath = "";
			projectRoot = "";
			targets = (
				22CFB4D41CF4374300C38ED7 /* BYNote */,
				22CFB4ED1CF4374300C38ED7 /* BYNoteTests */,
				22CFB4F81CF4374300C38ED7 /* BYNoteUITests */,
			);
		};
/* End PBXProject section */

/* Begin PBXResourcesBuildPhase section */
		22CFB4D31CF4374300C38ED7 /* Resources */ = {
			isa = PBXResourcesBuildPhase;
			buildActionMask = 2147483647;
			files = (
				22CFB4E81CF4374300C38ED7 /* LaunchScreen.storyboard in Resources */,
				22CFB4E51CF4374300C38ED7 /* Assets.xcassets in Resources */,
				22601E241CF476B000E2150A /* 12.JPG in Resources */,
				229311C11D1CBE7400169EFA /* Launch.storyboard in Resources */,
				22CE8B371D24C83B002A77D0 /* STHeiti Medium.ttc in Resources */,
				22174C211D0D93A600DBA117 /* Localizable.strings in Resources */,
				22601E221CF4764E00E2150A /* 123.JPG in Resources */,
				22174C1E1D0D63EE00DBA117 /* Edit.storyboard in Resources */,
				229311C61D1CBEDA00169EFA /* PasswordViewController.xib in Resources */,
				22CFB4E31CF4374300C38ED7 /* Main.storyboard in Resources */,
			);
			runOnlyForDeploymentPostprocessing = 0;
		};
		22CFB4EC1CF4374300C38ED7 /* Resources */ = {
			isa = PBXResourcesBuildPhase;
			buildActionMask = 2147483647;
			files = (
			);
			runOnlyForDeploymentPostprocessing = 0;
		};
		22CFB4F71CF4374300C38ED7 /* Resources */ = {
			isa = PBXResourcesBuildPhase;
			buildActionMask = 2147483647;
			files = (
			);
			runOnlyForDeploymentPostprocessing = 0;
		};
/* End PBXResourcesBuildPhase section */

/* Begin PBXShellScriptBuildPhase section */
		69F4B84E10191FCD87D83282 /* [CP] Copy Pods Resources */ = {
			isa = PBXShellScriptBuildPhase;
			buildActionMask = 2147483647;
			files = (
			);
			inputPaths = (
			);
			name = "[CP] Copy Pods Resources";
			outputPaths = (
			);
			runOnlyForDeploymentPostprocessing = 0;
			shellPath = /bin/sh;
			shellScript = "\"${SRCROOT}/Pods/Target Support Files/Pods-BYNote/Pods-BYNote-resources.sh\"\n";
			showEnvVarsInLog = 0;
		};
		9E5AE399621953203816385F /* [CP] Embed Pods Frameworks */ = {
			isa = PBXShellScriptBuildPhase;
			buildActionMask = 2147483647;
			files = (
			);
			inputPaths = (
			);
			name = "[CP] Embed Pods Frameworks";
			outputPaths = (
			);
			runOnlyForDeploymentPostprocessing = 0;
			shellPath = /bin/sh;
			shellScript = "\"${SRCROOT}/Pods/Target Support Files/Pods-BYNote/Pods-BYNote-frameworks.sh\"\n";
			showEnvVarsInLog = 0;
		};
		FAE6C82BBBAE0E22A859E4A1 /* [CP] Check Pods Manifest.lock */ = {
			isa = PBXShellScriptBuildPhase;
			buildActionMask = 2147483647;
			files = (
			);
			inputPaths = (
			);
			name = "[CP] Check Pods Manifest.lock";
			outputPaths = (
			);
			runOnlyForDeploymentPostprocessing = 0;
			shellPath = /bin/sh;
			shellScript = "diff \"${PODS_ROOT}/../Podfile.lock\" \"${PODS_ROOT}/Manifest.lock\" > /dev/null\nif [[ $? != 0 ]] ; then\n    cat << EOM\nerror: The sandbox is not in sync with the Podfile.lock. Run 'pod install' or update your CocoaPods installation.\nEOM\n    exit 1\nfi\n";
			showEnvVarsInLog = 0;
		};
/* End PBXShellScriptBuildPhase section */

/* Begin PBXSourcesBuildPhase section */
		22CFB4D11CF4374300C38ED7 /* Sources */ = {
			isa = PBXSourcesBuildPhase;
			buildActionMask = 2147483647;
			files = (
				227DF2941D032206004DDC15 /* MainNavigation.m in Sources */,
				22174CAB1D0EC8CF00DBA117 /* CoreDataManager.m in Sources */,
				22CE8B311D239BAB002A77D0 /* BYTextView.m in Sources */,
				228166041D05179800A29D54 /* BYNCollectionFlowLayout.m in Sources */,
				228166DC1D0D4A4F00A29D54 /* EditNoteViewController.m in Sources */,
				2281660C1D0522F700A29D54 /* ProfileSliderMenuButton.m in Sources */,
				229312581D20DB4900169EFA /* Note+CoreDataProperties.m in Sources */,
				22A3F30B1D1A1B1E00D6624D /* LaunchViewController.m in Sources */,
				228166051D05179800A29D54 /* BYNCollectionFlowView.m in Sources */,
				2298170D1D191AC30009256E /* SearchViewController.m in Sources */,
				2280ACA11D1807A600430126 /* UIView+YYAdd.m in Sources */,
				228166031D05179800A29D54 /* BYNCollectionCell.m in Sources */,
				22174CA31D0E8FFA00DBA117 /* Data.xcdatamodeld in Sources */,
				229312591D20DB4900169EFA /* Note.m in Sources */,
				222859B81D17CAA500B3C53B /* ToDoButton.m in Sources */,
				22CFB4E01CF4374300C38ED7 /* ViewController.m in Sources */,
				22CFB4DD1CF4374300C38ED7 /* AppDelegate.m in Sources */,
				229312171D1FB5E900169EFA /* SyncNoteManager.m in Sources */,
				22CFB4DA1CF4374300C38ED7 /* main.m in Sources */,
				228165BB1D050A6D00A29D54 /* ProfileSliderMenu.m in Sources */,
				22174CA81D0EC4B500DBA117 /* BottomView.m in Sources */,
				229311C51D1CBEDA00169EFA /* PasswordViewController.m in Sources */,
			);
			runOnlyForDeploymentPostprocessing = 0;
		};
		22CFB4EA1CF4374300C38ED7 /* Sources */ = {
			isa = PBXSourcesBuildPhase;
			buildActionMask = 2147483647;
			files = (
				22CFB4F31CF4374300C38ED7 /* BYNoteTests.m in Sources */,
			);
			runOnlyForDeploymentPostprocessing = 0;
		};
		22CFB4F51CF4374300C38ED7 /* Sources */ = {
			isa = PBXSourcesBuildPhase;
			buildActionMask = 2147483647;
			files = (
				22CFB4FE1CF4374300C38ED7 /* BYNoteUITests.m in Sources */,
			);
			runOnlyForDeploymentPostprocessing = 0;
		};
/* End PBXSourcesBuildPhase section */

/* Begin PBXTargetDependency section */
		22CFB4F01CF4374300C38ED7 /* PBXTargetDependency */ = {
			isa = PBXTargetDependency;
			target = 22CFB4D41CF4374300C38ED7 /* BYNote */;
			targetProxy = 22CFB4EF1CF4374300C38ED7 /* PBXContainerItemProxy */;
		};
		22CFB4FB1CF4374300C38ED7 /* PBXTargetDependency */ = {
			isa = PBXTargetDependency;
			target = 22CFB4D41CF4374300C38ED7 /* BYNote */;
			targetProxy = 22CFB4FA1CF4374300C38ED7 /* PBXContainerItemProxy */;
		};
/* End PBXTargetDependency section */

/* Begin PBXVariantGroup section */
		22174C231D0D93A600DBA117 /* Localizable.strings */ = {
			isa = PBXVariantGroup;
			children = (
				22174C221D0D93A600DBA117 /* zh-Hans */,
				22174C241D0D93B200DBA117 /* en */,
			);
			name = Localizable.strings;
			sourceTree = "<group>";
		};
		22CFB4E11CF4374300C38ED7 /* Main.storyboard */ = {
			isa = PBXVariantGroup;
			children = (
				22CFB4E21CF4374300C38ED7 /* Base */,
				228166D71D0D4A1300A29D54 /* zh-Hans */,
			);
			name = Main.storyboard;
			sourceTree = "<group>";
		};
		22CFB4E61CF4374300C38ED7 /* LaunchScreen.storyboard */ = {
			isa = PBXVariantGroup;
			children = (
				22CFB4E71CF4374300C38ED7 /* Base */,
				228166D81D0D4A1300A29D54 /* zh-Hans */,
			);
			name = LaunchScreen.storyboard;
			sourceTree = "<group>";
		};
/* End PBXVariantGroup section */

/* Begin XCBuildConfiguration section */
		22CFB5001CF4374300C38ED7 /* Debug */ = {
			isa = XCBuildConfiguration;
			buildSettings = {
				ALWAYS_SEARCH_USER_PATHS = NO;
				CLANG_ANALYZER_NONNULL = YES;
				CLANG_CXX_LANGUAGE_STANDARD = "gnu++0x";
				CLANG_CXX_LIBRARY = "libc++";
				CLANG_ENABLE_MODULES = YES;
				CLANG_ENABLE_OBJC_ARC = YES;
				CLANG_WARN_BOOL_CONVERSION = YES;
				CLANG_WARN_CONSTANT_CONVERSION = YES;
				CLANG_WARN_DIRECT_OBJC_ISA_USAGE = YES_ERROR;
				CLANG_WARN_EMPTY_BODY = YES;
				CLANG_WARN_ENUM_CONVERSION = YES;
				CLANG_WARN_INT_CONVERSION = YES;
				CLANG_WARN_OBJC_ROOT_CLASS = YES_ERROR;
				CLANG_WARN_UNREACHABLE_CODE = YES;
				CLANG_WARN__DUPLICATE_METHOD_MATCH = YES;
				"CODE_SIGN_IDENTITY[sdk=iphoneos*]" = "iPhone Developer";
				COPY_PHASE_STRIP = NO;
				DEBUG_INFORMATION_FORMAT = dwarf;
				ENABLE_STRICT_OBJC_MSGSEND = YES;
				ENABLE_TESTABILITY = YES;
				GCC_C_LANGUAGE_STANDARD = gnu99;
				GCC_DYNAMIC_NO_PIC = NO;
				GCC_NO_COMMON_BLOCKS = YES;
				GCC_OPTIMIZATION_LEVEL = 0;
				GCC_PREPROCESSOR_DEFINITIONS = (
					"DEBUG=1",
					"$(inherited)",
				);
				GCC_WARN_64_TO_32_BIT_CONVERSION = YES;
				GCC_WARN_ABOUT_RETURN_TYPE = YES_ERROR;
				GCC_WARN_UNDECLARED_SELECTOR = YES;
				GCC_WARN_UNINITIALIZED_AUTOS = YES_AGGRESSIVE;
				GCC_WARN_UNUSED_FUNCTION = YES;
				GCC_WARN_UNUSED_VARIABLE = YES;
				IPHONEOS_DEPLOYMENT_TARGET = 9.3;
				MTL_ENABLE_DEBUG_INFO = YES;
				ONLY_ACTIVE_ARCH = YES;
				SDKROOT = iphoneos;
				TARGETED_DEVICE_FAMILY = "1,2";
			};
			name = Debug;
		};
		22CFB5011CF4374300C38ED7 /* Release */ = {
			isa = XCBuildConfiguration;
			buildSettings = {
				ALWAYS_SEARCH_USER_PATHS = NO;
				CLANG_ANALYZER_NONNULL = YES;
				CLANG_CXX_LANGUAGE_STANDARD = "gnu++0x";
				CLANG_CXX_LIBRARY = "libc++";
				CLANG_ENABLE_MODULES = YES;
				CLANG_ENABLE_OBJC_ARC = YES;
				CLANG_WARN_BOOL_CONVERSION = YES;
				CLANG_WARN_CONSTANT_CONVERSION = YES;
				CLANG_WARN_DIRECT_OBJC_ISA_USAGE = YES_ERROR;
				CLANG_WARN_EMPTY_BODY = YES;
				CLANG_WARN_ENUM_CONVERSION = YES;
				CLANG_WARN_INT_CONVERSION = YES;
				CLANG_WARN_OBJC_ROOT_CLASS = YES_ERROR;
				CLANG_WARN_UNREACHABLE_CODE = YES;
				CLANG_WARN__DUPLICATE_METHOD_MATCH = YES;
				"CODE_SIGN_IDENTITY[sdk=iphoneos*]" = "iPhone Developer";
				COPY_PHASE_STRIP = NO;
				DEBUG_INFORMATION_FORMAT = "dwarf-with-dsym";
				ENABLE_NS_ASSERTIONS = NO;
				ENABLE_STRICT_OBJC_MSGSEND = YES;
				GCC_C_LANGUAGE_STANDARD = gnu99;
				GCC_NO_COMMON_BLOCKS = YES;
				GCC_WARN_64_TO_32_BIT_CONVERSION = YES;
				GCC_WARN_ABOUT_RETURN_TYPE = YES_ERROR;
				GCC_WARN_UNDECLARED_SELECTOR = YES;
				GCC_WARN_UNINITIALIZED_AUTOS = YES_AGGRESSIVE;
				GCC_WARN_UNUSED_FUNCTION = YES;
				GCC_WARN_UNUSED_VARIABLE = YES;
				IPHONEOS_DEPLOYMENT_TARGET = 9.3;
				MTL_ENABLE_DEBUG_INFO = NO;
				SDKROOT = iphoneos;
				TARGETED_DEVICE_FAMILY = "1,2";
				VALIDATE_PRODUCT = YES;
			};
			name = Release;
		};
		22CFB5031CF4374300C38ED7 /* Debug */ = {
			isa = XCBuildConfiguration;
			baseConfigurationReference = 8028F1DAB2A8BBD037EBD314 /* Pods-BYNote.debug.xcconfig */;
			buildSettings = {
				ASSETCATALOG_COMPILER_APPICON_NAME = AppIcon;
				CODE_SIGN_IDENTITY = "iPhone Developer";
				GCC_PREFIX_HEADER = "$(SRCROOT)/BYNote/PrefixHeader.pch";
				INFOPLIST_FILE = BYNote/Info.plist;
				LD_RUNPATH_SEARCH_PATHS = "$(inherited) @executable_path/Frameworks";
				PRODUCT_BUNDLE_IDENTIFIER = com.cby.BYNote;
				PRODUCT_NAME = "$(TARGET_NAME)";
			};
			name = Debug;
		};
		22CFB5041CF4374300C38ED7 /* Release */ = {
			isa = XCBuildConfiguration;
			baseConfigurationReference = 95F3A9C2800E208A0FFDDE7B /* Pods-BYNote.release.xcconfig */;
			buildSettings = {
				ASSETCATALOG_COMPILER_APPICON_NAME = AppIcon;
				CODE_SIGN_IDENTITY = "iPhone Developer";
				GCC_PREFIX_HEADER = "$(SRCROOT)/BYNote/PrefixHeader.pch";
				INFOPLIST_FILE = BYNote/Info.plist;
				LD_RUNPATH_SEARCH_PATHS = "$(inherited) @executable_path/Frameworks";
				PRODUCT_BUNDLE_IDENTIFIER = com.cby.BYNote;
				PRODUCT_NAME = "$(TARGET_NAME)";
			};
			name = Release;
		};
		22CFB5061CF4374300C38ED7 /* Debug */ = {
			isa = XCBuildConfiguration;
			buildSettings = {
				BUNDLE_LOADER = "$(TEST_HOST)";
				INFOPLIST_FILE = BYNoteTests/Info.plist;
				LD_RUNPATH_SEARCH_PATHS = "$(inherited) @executable_path/Frameworks @loader_path/Frameworks";
				PRODUCT_BUNDLE_IDENTIFIER = com.cby.BYNoteTests;
				PRODUCT_NAME = "$(TARGET_NAME)";
				TEST_HOST = "$(BUILT_PRODUCTS_DIR)/BYNote.app/BYNote";
			};
			name = Debug;
		};
		22CFB5071CF4374300C38ED7 /* Release */ = {
			isa = XCBuildConfiguration;
			buildSettings = {
				BUNDLE_LOADER = "$(TEST_HOST)";
				INFOPLIST_FILE = BYNoteTests/Info.plist;
				LD_RUNPATH_SEARCH_PATHS = "$(inherited) @executable_path/Frameworks @loader_path/Frameworks";
				PRODUCT_BUNDLE_IDENTIFIER = com.cby.BYNoteTests;
				PRODUCT_NAME = "$(TARGET_NAME)";
				TEST_HOST = "$(BUILT_PRODUCTS_DIR)/BYNote.app/BYNote";
			};
			name = Release;
		};
		22CFB5091CF4374300C38ED7 /* Debug */ = {
			isa = XCBuildConfiguration;
			buildSettings = {
				INFOPLIST_FILE = BYNoteUITests/Info.plist;
				LD_RUNPATH_SEARCH_PATHS = "$(inherited) @executable_path/Frameworks @loader_path/Frameworks";
				PRODUCT_BUNDLE_IDENTIFIER = com.cby.BYNoteUITests;
				PRODUCT_NAME = "$(TARGET_NAME)";
				TEST_TARGET_NAME = BYNote;
			};
			name = Debug;
		};
		22CFB50A1CF4374300C38ED7 /* Release */ = {
			isa = XCBuildConfiguration;
			buildSettings = {
				INFOPLIST_FILE = BYNoteUITests/Info.plist;
				LD_RUNPATH_SEARCH_PATHS = "$(inherited) @executable_path/Frameworks @loader_path/Frameworks";
				PRODUCT_BUNDLE_IDENTIFIER = com.cby.BYNoteUITests;
				PRODUCT_NAME = "$(TARGET_NAME)";
				TEST_TARGET_NAME = BYNote;
			};
			name = Release;
		};
/* End XCBuildConfiguration section */

/* Begin XCConfigurationList section */
		22CFB4D01CF4374300C38ED7 /* Build configuration list for PBXProject "BYNote" */ = {
			isa = XCConfigurationList;
			buildConfigurations = (
				22CFB5001CF4374300C38ED7 /* Debug */,
				22CFB5011CF4374300C38ED7 /* Release */,
			);
			defaultConfigurationIsVisible = 0;
			defaultConfigurationName = Release;
		};
		22CFB5021CF4374300C38ED7 /* Build configuration list for PBXNativeTarget "BYNote" */ = {
			isa = XCConfigurationList;
			buildConfigurations = (
				22CFB5031CF4374300C38ED7 /* Debug */,
				22CFB5041CF4374300C38ED7 /* Release */,
			);
			defaultConfigurationIsVisible = 0;
			defaultConfigurationName = Release;
		};
		22CFB5051CF4374300C38ED7 /* Build configuration list for PBXNativeTarget "BYNoteTests" */ = {
			isa = XCConfigurationList;
			buildConfigurations = (
				22CFB5061CF4374300C38ED7 /* Debug */,
				22CFB5071CF4374300C38ED7 /* Release */,
			);
			defaultConfigurationIsVisible = 0;
			defaultConfigurationName = Release;
		};
		22CFB5081CF4374300C38ED7 /* Build configuration list for PBXNativeTarget "BYNoteUITests" */ = {
			isa = XCConfigurationList;
			buildConfigurations = (
				22CFB5091CF4374300C38ED7 /* Debug */,
				22CFB50A1CF4374300C38ED7 /* Release */,
			);
			defaultConfigurationIsVisible = 0;
			defaultConfigurationName = Release;
		};
/* End XCConfigurationList section */

/* Begin XCVersionGroup section */
		22174CA11D0E8FFA00DBA117 /* Data.xcdatamodeld */ = {
			isa = XCVersionGroup;
			children = (
				22174CA21D0E8FFA00DBA117 /* Data.xcdatamodel */,
			);
			currentVersion = 22174CA21D0E8FFA00DBA117 /* Data.xcdatamodel */;
			path = Data.xcdatamodeld;
			sourceTree = "<group>";
			versionGroupType = wrapper.xcdatamodel;
		};
/* End XCVersionGroup section */
	};
	rootObject = 22CFB4CD1CF4374300C38ED7 /* Project object */;
}
